{
  "originHash" : "a6282c1268dc971faeed5bbf7f794edf0a8d5786f1933fe6818367143603f4bf",
  "pins" : [
    {
      "identity" : "partiti-ui",
      "kind" : "remoteSourceControl",
      "location" : "https://github.com/gabry-ts/partiti-ui",
      "state" : {
        "revision" : "b06b1f21d4976c03ee63b010dc4020f061c96ee3",
        "version" : "0.3.1"
      }
    },
    {
      "identity" : "sparkle",
      "kind" : "remoteSourceControl",
      "location" : "https://github.com/sparkle-project/Sparkle",
      "state" : {
        "revision" : "eef1a539a373c1f1a320624b1130fc5de7b2e100",
        "version" : "2.10.0"
      }
    }
  ],
  "version" : 3
}
